dependencies:
- name: gpu-health-monitor
  repository: ""
  version: 0.1.0
- name: mongodb-store
  repository: ""
  version: 0.1.0
- name: postgresql
  repository: oci://registry-1.docker.io/bitnamicharts
  version: 15.5.38
- name: fault-quarantine
  repository: ""
  version: 0.1.0
- name: node-drainer
  repository: ""
  version: 0.1.0
- name: fault-remediation
  repository: ""
  version: 0.1.0
- name: health-events-analyzer
  repository: ""
  version: 0.1.0
- name: csp-health-monitor
  repository: ""
  version: 0.1.0
- name: syslog-health-monitor
  repository: ""
  version: 0.1.0
- name: incluster-file-server
  repository: ""
  version: 0.1.0
- name: labeler
  repository: ""
  version: 0.1.0
- name: janitor
  repository: ""
  version: 0.1.0
- name: metadata-collector
  repository: ""
  version: 0.1.0
digest: sha256:fbd3a4e221d47238452d3d157828b25b66eab2c1f02f829c3edbada6d3b11efe
generated: "2025-11-16T11:25:12.087718-05:00"
